
Microsoft Visual Studio Solution File, Format Version 12.00
# Visual Studio 15
VisualStudioVersion = 15.0.27004.2002
MinimumVisualStudioVersion = 10.0.40219.1
Project("{FAE04EC0-301F-11D3-BF4B-00C04F79EFBC}") = "RGZ_4", "RGZ_4\RGZ_4.csproj", "{205C5BA3-B378-43BF-B409-28351E3F1EF2}"
EndProject
Global
	GlobalSection(SolutionConfigurationPlatforms) = preSolution
		Debug|Any CPU = Debug|Any CPU
		Release|Any CPU = Release|Any CPU
	EndGlobalSection
	GlobalSection(ProjectConfigurationPlatforms) = postSolution
		{205C5BA3-B378-43BF-B409-28351E3F1EF2}.Debug|Any CPU.ActiveCfg = Debug|Any CPU
		{205C5BA3-B378-43BF-B409-28351E3F1EF2}.Debug|Any CPU.Build.0 = Debug|Any CPU
		{205C5BA3-B378-43BF-B409-28351E3F1EF2}.Release|Any CPU.ActiveCfg = Release|Any CPU
		{205C5BA3-B378-43BF-B409-28351E3F1EF2}.Release|Any CPU.Build.0 = Release|Any CPU
	EndGlobalSection
	GlobalSection(SolutionProperties) = preSolution
		HideSolutionNode = FALSE
	EndGlobalSection
	GlobalSection(ExtensibilityGlobals) = postSolution
		SolutionGuid = {EAAA3592-6057-461F-9A9C-F72AC30C4C8F}
	EndGlobalSection
EndGlobal
